
Microsoft Visual Studio Solution File, Format Version 12.00
# Visual Studio Version 17
VisualStudioVersion = 17.0.31612.314
MinimumVisualStudioVersion = 10.0.40219.1
Project("{888888A0-9F3D-457C-B088-3A5042F75D52}") = "Dat250blogg", "Dat250blogg\Dat250blogg.pyproj", "{CA9F799F-8C57-4E48-97E0-E0C2B91E15B2}"
EndProject
Global
	GlobalSection(SolutionConfigurationPlatforms) = preSolution
		Debug|Any CPU = Debug|Any CPU
		Release|Any CPU = Release|Any CPU
	EndGlobalSection
	GlobalSection(ProjectConfigurationPlatforms) = postSolution
		{CA9F799F-8C57-4E48-97E0-E0C2B91E15B2}.Debug|Any CPU.ActiveCfg = Debug|Any CPU
		{CA9F799F-8C57-4E48-97E0-E0C2B91E15B2}.Debug|Any CPU.Build.0 = Debug|Any CPU
		{CA9F799F-8C57-4E48-97E0-E0C2B91E15B2}.Release|Any CPU.ActiveCfg = Release|Any CPU
		{CA9F799F-8C57-4E48-97E0-E0C2B91E15B2}.Release|Any CPU.Build.0 = Release|Any CPU
	EndGlobalSection
	GlobalSection(SolutionProperties) = preSolution
		HideSolutionNode = FALSE
	EndGlobalSection
	GlobalSection(ExtensibilityGlobals) = postSolution
		SolutionGuid = {5D164035-03BC-4FDD-A630-E568B4E78F59}
	EndGlobalSection
EndGlobal
